
Microsoft Visual Studio Solution File, Format Version 12.00
# Visual Studio Version 17
VisualStudioVersion = 17.4.33122.133
MinimumVisualStudioVersion = 10.0.40219.1
Project("{FAE04EC0-301F-11D3-BF4B-00C04F79EFBC}") = "part2", "part2.csproj", "{09D06917-2FAE-4BAE-8002-82170FDF3BDD}"
EndProject
Global
	GlobalSection(SolutionConfigurationPlatforms) = preSolution
		Debug|Any CPU = Debug|Any CPU
		Release|Any CPU = Release|Any CPU
	EndGlobalSection
	GlobalSection(ProjectConfigurationPlatforms) = postSolution
		{09D06917-2FAE-4BAE-8002-82170FDF3BDD}.Debug|Any CPU.ActiveCfg = Debug|Any CPU
		{09D06917-2FAE-4BAE-8002-82170FDF3BDD}.Debug|Any CPU.Build.0 = Debug|Any CPU
		{09D06917-2FAE-4BAE-8002-82170FDF3BDD}.Release|Any CPU.ActiveCfg = Release|Any CPU
		{09D06917-2FAE-4BAE-8002-82170FDF3BDD}.Release|Any CPU.Build.0 = Release|Any CPU
	EndGlobalSection
	GlobalSection(SolutionProperties) = preSolution
		HideSolutionNode = FALSE
	EndGlobalSection
	GlobalSection(ExtensibilityGlobals) = postSolution
		SolutionGuid = {29D90A77-F019-4722-A3EF-2D9CE3B17CCC}
	EndGlobalSection
EndGlobal
